
Microsoft Visual Studio Solution File, Format Version 12.00
# Visual Studio Version 16
VisualStudioVersion = 16.0.30621.155
MinimumVisualStudioVersion = 10.0.40219.1
Project("{FAE04EC0-301F-11D3-BF4B-00C04F79EFBC}") = "Authentication", "Authentication.csproj", "{D5FD79A5-7A09-49C8-81FB-B7C12818A566}"
EndProject
Global
	GlobalSection(SolutionConfigurationPlatforms) = preSolution
		Debug|Any CPU = Debug|Any CPU
		Release|Any CPU = Release|Any CPU
	EndGlobalSection
	GlobalSection(ProjectConfigurationPlatforms) = postSolution
		{D5FD79A5-7A09-49C8-81FB-B7C12818A566}.Debug|Any CPU.ActiveCfg = Debug|Any CPU
		{D5FD79A5-7A09-49C8-81FB-B7C12818A566}.Debug|Any CPU.Build.0 = Debug|Any CPU
		{D5FD79A5-7A09-49C8-81FB-B7C12818A566}.Release|Any CPU.ActiveCfg = Release|Any CPU
		{D5FD79A5-7A09-49C8-81FB-B7C12818A566}.Release|Any CPU.Build.0 = Release|Any CPU
	EndGlobalSection
	GlobalSection(SolutionProperties) = preSolution
		HideSolutionNode = FALSE
	EndGlobalSection
	GlobalSection(ExtensibilityGlobals) = postSolution
		SolutionGuid = {6F5B2479-99F4-4340-B817-47A5014B65AC}
	EndGlobalSection
EndGlobal
